
Microsoft Visual Studio Solution File, Format Version 12.00
# Visual Studio 15
VisualStudioVersion = 15.0.28307.1022
MinimumVisualStudioVersion = 10.0.40219.1
Project("{FAE04EC0-301F-11D3-BF4B-00C04F79EFBC}") = "KeypadEntryApplication", "KeypadEntryApplication\KeypadEntryApplication.csproj", "{4CF4FF43-6020-46A0-A117-9FE640FB66A2}"
EndProject
Global
	GlobalSection(SolutionConfigurationPlatforms) = preSolution
		Debug|Any CPU = Debug|Any CPU
		Release|Any CPU = Release|Any CPU
	EndGlobalSection
	GlobalSection(ProjectConfigurationPlatforms) = postSolution
		{4CF4FF43-6020-46A0-A117-9FE640FB66A2}.Debug|Any CPU.ActiveCfg = Debug|Any CPU
		{4CF4FF43-6020-46A0-A117-9FE640FB66A2}.Debug|Any CPU.Build.0 = Debug|Any CPU
		{4CF4FF43-6020-46A0-A117-9FE640FB66A2}.Release|Any CPU.ActiveCfg = Release|Any CPU
		{4CF4FF43-6020-46A0-A117-9FE640FB66A2}.Release|Any CPU.Build.0 = Release|Any CPU
	EndGlobalSection
	GlobalSection(SolutionProperties) = preSolution
		HideSolutionNode = FALSE
	EndGlobalSection
	GlobalSection(ExtensibilityGlobals) = postSolution
		SolutionGuid = {11AF959A-FAD1-4665-93A6-E90DDC1B3FF8}
	EndGlobalSection
EndGlobal
